{
  "name": "example",
  "version": "0.0.1",
  "lockfileVersion": 1,
  "requires": true,
  "dependencies": {
    "react-native-swipe-up-down": {
      "version": "1.0.0",
      "resolved": "https://registry.npmjs.org/react-native-swipe-up-down/-/react-native-swipe-up-down-1.0.0.tgz",
      "integrity": "sha512-QWD4CAR2NpID85r93BCnwlfhKwZVY8PN01XPXPFOu1MAT3AEhw/eCgSzsL3T4VSkIT+aOeb12JWVgWUYRTiL+Q=="
    }
  }
}
